// !$*UTF8*$!
{
	archiveVersion = 1;
	classes = {
	};
	objectVersion = 46;
	objects = {

/* Begin PBXBuildFile section */
		2D401C0E1D5CAD71008581CC /* TCRepairViewCtrl.m in Sources */ = {isa = PBXBuildFile; fileRef = 2D401C0D1D5CAD71008581CC /* TCRepairViewCtrl.m */; };
		2D401C111D5CB5D2008581CC /* TCRepairImagesCell.m in Sources */ = {isa = PBXBuildFile; fileRef = 2D401C101D5CB5D2008581CC /* TCRepairImagesCell.m */; };
		2D6A174F1D503A86008A090F /* main.m in Sources */ = {isa = PBXBuildFile; fileRef = 2D6A174E1D503A86008A090F /* main.m */; };
		2D6A17521D503A86008A090F /* AppDelegate.m in Sources */ = {isa = PBXBuildFile; fileRef = 2D6A17511D503A86008A090F /* AppDelegate.m */; };
		2D6A175B1D503A86008A090F /* Main.storyboard in Resources */ = {isa = PBXBuildFile; fileRef = 2D6A17591D503A86008A090F /* Main.storyboard */; };
		2D6A175D1D503A86008A090F /* Assets.xcassets in Resources */ = {isa = PBXBuildFile; fileRef = 2D6A175C1D503A86008A090F /* Assets.xcassets */; };
		2D6A17601D503A86008A090F /* LaunchScreen.storyboard in Resources */ = {isa = PBXBuildFile; fileRef = 2D6A175E1D503A86008A090F /* LaunchScreen.storyboard */; };
		2D78B3E11D5A29F6001CB3B7 /* TCServicesViewCtrl.m in Sources */ = {isa = PBXBuildFile; fileRef = 2D78B3E01D5A29F6001CB3B7 /* TCServicesViewCtrl.m */; };
		446148B91D719A7300BCA1E8 /* NSAttributedString+Units.m in Sources */ = {isa = PBXBuildFile; fileRef = 4461489A1D719A7300BCA1E8 /* NSAttributedString+Units.m */; };
		446148BA1D719A7300BCA1E8 /* NSData+HKPDataImage.m in Sources */ = {isa = PBXBuildFile; fileRef = 4461489C1D719A7300BCA1E8 /* NSData+HKPDataImage.m */; };
		446148BB1D719A7300BCA1E8 /* NSDate+Calendar.m in Sources */ = {isa = PBXBuildFile; fileRef = 4461489E1D719A7300BCA1E8 /* NSDate+Calendar.m */; };
		446148BC1D719A7300BCA1E8 /* NSObject+KVCExceptionCatch.m in Sources */ = {isa = PBXBuildFile; fileRef = 446148A01D719A7300BCA1E8 /* NSObject+KVCExceptionCatch.m */; };
		446148BD1D719A7300BCA1E8 /* NSString+STRegex.m in Sources */ = {isa = PBXBuildFile; fileRef = 446148A21D719A7300BCA1E8 /* NSString+STRegex.m */; };
		446148BE1D719A7300BCA1E8 /* NSString+StringHeight.m in Sources */ = {isa = PBXBuildFile; fileRef = 446148A41D719A7300BCA1E8 /* NSString+StringHeight.m */; };
		446148BF1D719A7300BCA1E8 /* NSString+Utils.m in Sources */ = {isa = PBXBuildFile; fileRef = 446148A61D719A7300BCA1E8 /* NSString+Utils.m */; };
		446148C01D719A7300BCA1E8 /* UIKit+Statistics.m in Sources */ = {isa = PBXBuildFile; fileRef = 446148AC1D719A7300BCA1E8 /* UIKit+Statistics.m */; };
		446148C11D719A7300BCA1E8 /* UIKit+yg_IBInspectable.m in Sources */ = {isa = PBXBuildFile; fileRef = 446148AE1D719A7300BCA1E8 /* UIKit+yg_IBInspectable.m */; };
		446148C21D719A7300BCA1E8 /* UIView+Animation.m in Sources */ = {isa = PBXBuildFile; fileRef = 446148B01D719A7300BCA1E8 /* UIView+Animation.m */; };
		446148C51D719A7300BCA1E8 /* UIViewController+Storyboard.m in Sources */ = {isa = PBXBuildFile; fileRef = 446148B61D719A7300BCA1E8 /* UIViewController+Storyboard.m */; };
		44CB7ADE1D71894900818480 /* SZWY_LOGO@2x.png in Resources */ = {isa = PBXBuildFile; fileRef = 44CB7ADC1D71894900818480 /* SZWY_LOGO@2x.png */; };
		44CB7ADF1D71894900818480 /* SZWY_LOGO@3x.png in Resources */ = {isa = PBXBuildFile; fileRef = 44CB7ADD1D71894900818480 /* SZWY_LOGO@3x.png */; };
		44CB7B081D7198CD00818480 /* TCLoginViewCtrl.m in Sources */ = {isa = PBXBuildFile; fileRef = 44CB7B071D7198CD00818480 /* TCLoginViewCtrl.m */; };
		98F507238DE21B76EE1D01E7 /* libPods-TransactionCall.a in Frameworks */ = {isa = PBXBuildFile; fileRef = 3F14CAF2C58833C2ED0D8782 /* libPods-TransactionCall.a */; };
/* End PBXBuildFile section */

/* Begin PBXFileReference section */
		2D401C0C1D5CAD71008581CC /* TCRepairViewCtrl.h */ = {isa = PBXFileReference; fileEncoding = 4; lastKnownFileType = sourcecode.c.h; path = TCRepairViewCtrl.h; sourceTree = "<group>"; };
		2D401C0D1D5CAD71008581CC /* TCRepairViewCtrl.m */ = {isa = PBXFileReference; fileEncoding = 4; lastKnownFileType = sourcecode.c.objc; path = TCRepairViewCtrl.m; sourceTree = "<group>"; };
		2D401C0F1D5CB5D2008581CC /* TCRepairImagesCell.h */ = {isa = PBXFileReference; fileEncoding = 4; lastKnownFileType = sourcecode.c.h; path = TCRepairImagesCell.h; sourceTree = "<group>"; };
		2D401C101D5CB5D2008581CC /* TCRepairImagesCell.m */ = {isa = PBXFileReference; fileEncoding = 4; lastKnownFileType = sourcecode.c.objc; path = TCRepairImagesCell.m; sourceTree = "<group>"; };
		2D6A174A1D503A86008A090F /* TransactionCall.app */ = {isa = PBXFileReference; explicitFileType = wrapper.application; includeInIndex = 0; path = TransactionCall.app; sourceTree = BUILT_PRODUCTS_DIR; };
		2D6A174E1D503A86008A090F /* main.m */ = {isa = PBXFileReference; lastKnownFileType = sourcecode.c.objc; path = main.m; sourceTree = "<group>"; };
		2D6A17501D503A86008A090F /* AppDelegate.h */ = {isa = PBXFileReference; lastKnownFileType = sourcecode.c.h; path = AppDelegate.h; sourceTree = "<group>"; };
		2D6A17511D503A86008A090F /* AppDelegate.m */ = {isa = PBXFileReference; lastKnownFileType = sourcecode.c.objc; path = AppDelegate.m; sourceTree = "<group>"; };
		2D6A175A1D503A86008A090F /* Base */ = {isa = PBXFileReference; lastKnownFileType = file.storyboard; name = Base; path = Base.lproj/Main.storyboard; sourceTree = "<group>"; };
		2D6A175C1D503A86008A090F /* Assets.xcassets */ = {isa = PBXFileReference; lastKnownFileType = folder.assetcatalog; path = Assets.xcassets; sourceTree = "<group>"; };
		2D6A175F1D503A86008A090F /* Base */ = {isa = PBXFileReference; lastKnownFileType = file.storyboard; name = Base; path = Base.lproj/LaunchScreen.storyboard; sourceTree = "<group>"; };
		2D6A17611D503A86008A090F /* Info.plist */ = {isa = PBXFileReference; lastKnownFileType = text.plist.xml; path = Info.plist; sourceTree = "<group>"; };
		2D78B3DF1D5A29F6001CB3B7 /* TCServicesViewCtrl.h */ = {isa = PBXFileReference; fileEncoding = 4; lastKnownFileType = sourcecode.c.h; path = TCServicesViewCtrl.h; sourceTree = "<group>"; };
		2D78B3E01D5A29F6001CB3B7 /* TCServicesViewCtrl.m */ = {isa = PBXFileReference; fileEncoding = 4; lastKnownFileType = sourcecode.c.objc; path = TCServicesViewCtrl.m; sourceTree = "<group>"; };
		2D78B3E21D5A2FE5001CB3B7 /* SPMacro.h */ = {isa = PBXFileReference; fileEncoding = 4; lastKnownFileType = sourcecode.c.h; path = SPMacro.h; sourceTree = "<group>"; };
		30A88E05117B16079B61F13E /* Pods-TransactionCall.release.xcconfig */ = {isa = PBXFileReference; includeInIndex = 1; lastKnownFileType = text.xcconfig; name = "Pods-TransactionCall.release.xcconfig"; path = "Pods/Target Support Files/Pods-TransactionCall/Pods-TransactionCall.release.xcconfig"; sourceTree = "<group>"; };
		3F14CAF2C58833C2ED0D8782 /* libPods-TransactionCall.a */ = {isa = PBXFileReference; explicitFileType = archive.ar; includeInIndex = 0; path = "libPods-TransactionCall.a"; sourceTree = BUILT_PRODUCTS_DIR; };
		446148991D719A7300BCA1E8 /* NSAttributedString+Units.h */ = {isa = PBXFileReference; fileEncoding = 4; lastKnownFileType = sourcecode.c.h; path = "NSAttributedString+Units.h"; sourceTree = "<group>"; };
		4461489A1D719A7300BCA1E8 /* NSAttributedString+Units.m */ = {isa = PBXFileReference; fileEncoding = 4; lastKnownFileType = sourcecode.c.objc; path = "NSAttributedString+Units.m"; sourceTree = "<group>"; };
		4461489B1D719A7300BCA1E8 /* NSData+HKPDataImage.h */ = {isa = PBXFileReference; fileEncoding = 4; lastKnownFileType = sourcecode.c.h; path = "NSData+HKPDataImage.h"; sourceTree = "<group>"; };
		4461489C1D719A7300BCA1E8 /* NSData+HKPDataImage.m */ = {isa = PBXFileReference; fileEncoding = 4; lastKnownFileType = sourcecode.c.objc; path = "NSData+HKPDataImage.m"; sourceTree = "<group>"; };
		4461489D1D719A7300BCA1E8 /* NSDate+Calendar.h */ = {isa = PBXFileReference; fileEncoding = 4; lastKnownFileType = sourcecode.c.h; path = "NSDate+Calendar.h"; sourceTree = "<group>"; };
		4461489E1D719A7300BCA1E8 /* NSDate+Calendar.m */ = {isa = PBXFileReference; fileEncoding = 4; lastKnownFileType = sourcecode.c.objc; path = "NSDate+Calendar.m"; sourceTree = "<group>"; };
		4461489F1D719A7300BCA1E8 /* NSObject+KVCExceptionCatch.h */ = {isa = PBXFileReference; fileEncoding = 4; lastKnownFileType = sourcecode.c.h; path = "NSObject+KVCExceptionCatch.h"; sourceTree = "<group>"; };
		446148A01D719A7300BCA1E8 /* NSObject+KVCExceptionCatch.m */ = {isa = PBXFileReference; fileEncoding = 4; lastKnownFileType = sourcecode.c.objc; path = "NSObject+KVCExceptionCatch.m"; sourceTree = "<group>"; };
		446148A11D719A7300BCA1E8 /* NSString+STRegex.h */ = {isa = PBXFileReference; fileEncoding = 4; lastKnownFileType = sourcecode.c.h; path = "NSString+STRegex.h"; sourceTree = "<group>"; };
		446148A21D719A7300BCA1E8 /* NSString+STRegex.m */ = {isa = PBXFileReference; fileEncoding = 4; lastKnownFileType = sourcecode.c.objc; path = "NSString+STRegex.m"; sourceTree = "<group>"; };
		446148A31D719A7300BCA1E8 /* NSString+StringHeight.h */ = {isa = PBXFileReference; fileEncoding = 4; lastKnownFileType = sourcecode.c.h; path = "NSString+StringHeight.h"; sourceTree = "<group>"; };
		446148A41D719A7300BCA1E8 /* NSString+StringHeight.m */ = {isa = PBXFileReference; fileEncoding = 4; lastKnownFileType = sourcecode.c.objc; path = "NSString+StringHeight.m"; sourceTree = "<group>"; };
		446148A51D719A7300BCA1E8 /* NSString+Utils.h */ = {isa = PBXFileReference; fileEncoding = 4; lastKnownFileType = sourcecode.c.h; path = "NSString+Utils.h"; sourceTree = "<group>"; };
		446148A61D719A7300BCA1E8 /* NSString+Utils.m */ = {isa = PBXFileReference; fileEncoding = 4; lastKnownFileType = sourcecode.c.objc; path = "NSString+Utils.m"; sourceTree = "<group>"; };
		446148A71D719A7300BCA1E8 /* YGFoundationCategories.h */ = {isa = PBXFileReference; fileEncoding = 4; lastKnownFileType = sourcecode.c.h; path = YGFoundationCategories.h; sourceTree = "<group>"; };
		446148A91D719A7300BCA1E8 /* YGOtherCategories.h */ = {isa = PBXFileReference; fileEncoding = 4; lastKnownFileType = sourcecode.c.h; path = YGOtherCategories.h; sourceTree = "<group>"; };
		446148AB1D719A7300BCA1E8 /* UIKit+Statistics.h */ = {isa = PBXFileReference; fileEncoding = 4; lastKnownFileType = sourcecode.c.h; path = "UIKit+Statistics.h"; sourceTree = "<group>"; };
		446148AC1D719A7300BCA1E8 /* UIKit+Statistics.m */ = {isa = PBXFileReference; fileEncoding = 4; lastKnownFileType = sourcecode.c.objc; path = "UIKit+Statistics.m"; sourceTree = "<group>"; };
		446148AD1D719A7300BCA1E8 /* UIKit+yg_IBInspectable.h */ = {isa = PBXFileReference; fileEncoding = 4; lastKnownFileType = sourcecode.c.h; path = "UIKit+yg_IBInspectable.h"; sourceTree = "<group>"; };
		446148AE1D719A7300BCA1E8 /* UIKit+yg_IBInspectable.m */ = {isa = PBXFileReference; fileEncoding = 4; lastKnownFileType = sourcecode.c.objc; path = "UIKit+yg_IBInspectable.m"; sourceTree = "<group>"; };
		446148AF1D719A7300BCA1E8 /* UIView+Animation.h */ = {isa = PBXFileReference; fileEncoding = 4; lastKnownFileType = sourcecode.c.h; path = "UIView+Animation.h"; sourceTree = "<group>"; };
		446148B01D719A7300BCA1E8 /* UIView+Animation.m */ = {isa = PBXFileReference; fileEncoding = 4; lastKnownFileType = sourcecode.c.objc; path = "UIView+Animation.m"; sourceTree = "<group>"; };
		446148B51D719A7300BCA1E8 /* UIViewController+Storyboard.h */ = {isa = PBXFileReference; fileEncoding = 4; lastKnownFileType = sourcecode.c.h; path = "UIViewController+Storyboard.h"; sourceTree = "<group>"; };
		446148B61D719A7300BCA1E8 /* UIViewController+Storyboard.m */ = {isa = PBXFileReference; fileEncoding = 4; lastKnownFileType = sourcecode.c.objc; path = "UIViewController+Storyboard.m"; sourceTree = "<group>"; };
		446148B71D719A7300BCA1E8 /* YGUIKitCategories.h */ = {isa = PBXFileReference; fileEncoding = 4; lastKnownFileType = sourcecode.c.h; path = YGUIKitCategories.h; sourceTree = "<group>"; };
		446148B81D719A7300BCA1E8 /* YGBaseCategories.h */ = {isa = PBXFileReference; fileEncoding = 4; lastKnownFileType = sourcecode.c.h; path = YGBaseCategories.h; sourceTree = "<group>"; };
		44CB7ADC1D71894900818480 /* SZWY_LOGO@2x.png */ = {isa = PBXFileReference; lastKnownFileType = image.png; path = "SZWY_LOGO@2x.png"; sourceTree = "<group>"; };
		44CB7ADD1D71894900818480 /* SZWY_LOGO@3x.png */ = {isa = PBXFileReference; lastKnownFileType = image.png; path = "SZWY_LOGO@3x.png"; sourceTree = "<group>"; };
		44CB7AFE1D71960B00818480 /* TransactionCall.pch */ = {isa = PBXFileReference; fileEncoding = 4; lastKnownFileType = sourcecode.c.h; path = TransactionCall.pch; sourceTree = "<group>"; };
		44CB7B061D7198CD00818480 /* TCLoginViewCtrl.h */ = {isa = PBXFileReference; fileEncoding = 4; lastKnownFileType = sourcecode.c.h; path = TCLoginViewCtrl.h; sourceTree = "<group>"; };
		44CB7B071D7198CD00818480 /* TCLoginViewCtrl.m */ = {isa = PBXFileReference; fileEncoding = 4; lastKnownFileType = sourcecode.c.objc; path = TCLoginViewCtrl.m; sourceTree = "<group>"; };
		A11D66BE2F3A3DB4AAB5220A /* Pods-TransactionCall.debug.xcconfig */ = {isa = PBXFileReference; includeInIndex = 1; lastKnownFileType = text.xcconfig; name = "Pods-TransactionCall.debug.xcconfig"; path = "Pods/Target Support Files/Pods-TransactionCall/Pods-TransactionCall.debug.xcconfig"; sourceTree = "<group>"; };
/* End PBXFileReference section */

/* Begin PBXFrameworksBuildPhase section */
		2D6A17471D503A85008A090F /* Frameworks */ = {
			isa = PBXFrameworksBuildPhase;
			buildActionMask = 2147483647;
			files = (
				98F507238DE21B76EE1D01E7 /* libPods-TransactionCall.a in Frameworks */,
			);
			runOnlyForDeploymentPostprocessing = 0;
		};
/* End PBXFrameworksBuildPhase section */

/* Begin PBXGroup section */
		2D6A17411D503A85008A090F = {
			isa = PBXGroup;
			children = (
				2D6A174C1D503A86008A090F /* TransactionCall */,
				2D6A174B1D503A86008A090F /* Products */,
				B799AB7AE68C2FC0DB5D5105 /* Pods */,
				8935C14F9EB7AE015EB4DDA6 /* Frameworks */,
			);
			sourceTree = "<group>";
		};
		2D6A174B1D503A86008A090F /* Products */ = {
			isa = PBXGroup;
			children = (
				2D6A174A1D503A86008A090F /* TransactionCall.app */,
			);
			name = Products;
			sourceTree = "<group>";
		};
		2D6A174C1D503A86008A090F /* TransactionCall */ = {
			isa = PBXGroup;
			children = (
				44CB7AFE1D71960B00818480 /* TransactionCall.pch */,
				2D78B3E21D5A2FE5001CB3B7 /* SPMacro.h */,
				44CB7ADB1D71894900818480 /* Resources */,
				2D78B3DE1D5A29CE001CB3B7 /* Classes */,
				2D6A17501D503A86008A090F /* AppDelegate.h */,
				2D6A17511D503A86008A090F /* AppDelegate.m */,
				2D6A17591D503A86008A090F /* Main.storyboard */,
				2D6A175C1D503A86008A090F /* Assets.xcassets */,
				2D6A175E1D503A86008A090F /* LaunchScreen.storyboard */,
				2D6A17611D503A86008A090F /* Info.plist */,
				2D6A174D1D503A86008A090F /* Supporting Files */,
			);
			path = TransactionCall;
			sourceTree = "<group>";
		};
		2D6A174D1D503A86008A090F /* Supporting Files */ = {
			isa = PBXGroup;
			children = (
				2D6A174E1D503A86008A090F /* main.m */,
			);
			name = "Supporting Files";
			sourceTree = "<group>";
		};
		2D78B3DE1D5A29CE001CB3B7 /* Classes */ = {
			isa = PBXGroup;
			children = (
				446148961D719A7300BCA1E8 /* Base */,
				44CB7B051D7198BD00818480 /* Login */,
				2D78B3DF1D5A29F6001CB3B7 /* TCServicesViewCtrl.h */,
				2D78B3E01D5A29F6001CB3B7 /* TCServicesViewCtrl.m */,
				2D401C0C1D5CAD71008581CC /* TCRepairViewCtrl.h */,
				2D401C0D1D5CAD71008581CC /* TCRepairViewCtrl.m */,
				2D401C0F1D5CB5D2008581CC /* TCRepairImagesCell.h */,
				2D401C101D5CB5D2008581CC /* TCRepairImagesCell.m */,
			);
			path = Classes;
			sourceTree = "<group>";
		};
		446148961D719A7300BCA1E8 /* Base */ = {
			isa = PBXGroup;
			children = (
				446148971D719A7300BCA1E8 /* Categories */,
			);
			path = Base;
			sourceTree = "<group>";
		};
		446148971D719A7300BCA1E8 /* Categories */ = {
			isa = PBXGroup;
			children = (
				446148981D719A7300BCA1E8 /* FoundationCategory */,
				446148A81D719A7300BCA1E8 /* OtherFramework */,
				446148AA1D719A7300BCA1E8 /* UIKitCategory */,
				446148B81D719A7300BCA1E8 /* YGBaseCategories.h */,
			);
			path = Categories;
			sourceTree = "<group>";
		};
		446148981D719A7300BCA1E8 /* FoundationCategory */ = {
			isa = PBXGroup;
			children = (
				446148991D719A7300BCA1E8 /* NSAttributedString+Units.h */,
				4461489A1D719A7300BCA1E8 /* NSAttributedString+Units.m */,
				4461489B1D719A7300BCA1E8 /* NSData+HKPDataImage.h */,
				4461489C1D719A7300BCA1E8 /* NSData+HKPDataImage.m */,
				4461489D1D719A7300BCA1E8 /* NSDate+Calendar.h */,
				4461489E1D719A7300BCA1E8 /* NSDate+Calendar.m */,
				4461489F1D719A7300BCA1E8 /* NSObject+KVCExceptionCatch.h */,
				446148A01D719A7300BCA1E8 /* NSObject+KVCExceptionCatch.m */,
				446148A11D719A7300BCA1E8 /* NSString+STRegex.h */,
				446148A21D719A7300BCA1E8 /* NSString+STRegex.m */,
				446148A31D719A7300BCA1E8 /* NSString+StringHeight.h */,
				446148A41D719A7300BCA1E8 /* NSString+StringHeight.m */,
				446148A51D719A7300BCA1E8 /* NSString+Utils.h */,
				446148A61D719A7300BCA1E8 /* NSString+Utils.m */,
				446148A71D719A7300BCA1E8 /* YGFoundationCategories.h */,
			);
			path = FoundationCategory;
			sourceTree = "<group>";
		};
		446148A81D719A7300BCA1E8 /* OtherFramework */ = {
			isa = PBXGroup;
			children = (
				446148A91D719A7300BCA1E8 /* YGOtherCategories.h */,
			);
			path = OtherFramework;
			sourceTree = "<group>";
		};
		446148AA1D719A7300BCA1E8 /* UIKitCategory */ = {
			isa = PBXGroup;
			children = (
				446148AB1D719A7300BCA1E8 /* UIKit+Statistics.h */,
				446148AC1D719A7300BCA1E8 /* UIKit+Statistics.m */,
				446148AD1D719A7300BCA1E8 /* UIKit+yg_IBInspectable.h */,
				446148AE1D719A7300BCA1E8 /* UIKit+yg_IBInspectable.m */,
				446148AF1D719A7300BCA1E8 /* UIView+Animation.h */,
				446148B01D719A7300BCA1E8 /* UIView+Animation.m */,
				446148B51D719A7300BCA1E8 /* UIViewController+Storyboard.h */,
				446148B61D719A7300BCA1E8 /* UIViewController+Storyboard.m */,
				446148B71D719A7300BCA1E8 /* YGUIKitCategories.h */,
			);
			path = UIKitCategory;
			sourceTree = "<group>";
		};
		44CB7ADB1D71894900818480 /* Resources */ = {
			isa = PBXGroup;
			children = (
				44CB7ADC1D71894900818480 /* SZWY_LOGO@2x.png */,
				44CB7ADD1D71894900818480 /* SZWY_LOGO@3x.png */,
			);
			path = Resources;
			sourceTree = "<group>";
		};
		44CB7B051D7198BD00818480 /* Login */ = {
			isa = PBXGroup;
			children = (
				44CB7B061D7198CD00818480 /* TCLoginViewCtrl.h */,
				44CB7B071D7198CD00818480 /* TCLoginViewCtrl.m */,
			);
			path = Login;
			sourceTree = "<group>";
		};
		8935C14F9EB7AE015EB4DDA6 /* Frameworks */ = {
			isa = PBXGroup;
			children = (
				3F14CAF2C58833C2ED0D8782 /* libPods-TransactionCall.a */,
			);
			name = Frameworks;
			sourceTree = "<group>";
		};
		B799AB7AE68C2FC0DB5D5105 /* Pods */ = {
			isa = PBXGroup;
			children = (
				A11D66BE2F3A3DB4AAB5220A /* Pods-TransactionCall.debug.xcconfig */,
				30A88E05117B16079B61F13E /* Pods-TransactionCall.release.xcconfig */,
			);
			name = Pods;
			sourceTree = "<group>";
		};
/* End PBXGroup section */

/* Begin PBXNativeTarget section */
		2D6A17491D503A85008A090F /* TransactionCall */ = {
			isa = PBXNativeTarget;
			buildConfigurationList = 2D6A17641D503A86008A090F /* Build configuration list for PBXNativeTarget "TransactionCall" */;
			buildPhases = (
				560B8104ACADB71AD2E93BFA /* [CP] Check Pods Manifest.lock */,
				2D6A17461D503A85008A090F /* Sources */,
				2D6A17471D503A85008A090F /* Frameworks */,
				2D6A17481D503A85008A090F /* Resources */,
				F214753320FD6236EA84355A /* [CP] Embed Pods Frameworks */,
				C99F369252C1D62394A93A6A /* [CP] Copy Pods Resources */,
			);
			buildRules = (
			);
			dependencies = (
			);
			name = TransactionCall;
			productName = TransactionCall;
			productReference = 2D6A174A1D503A86008A090F /* TransactionCall.app */;
			productType = "com.apple.product-type.application";
		};
/* End PBXNativeTarget section */

/* Begin PBXProject section */
		2D6A17421D503A85008A090F /* Project object */ = {
			isa = PBXProject;
			attributes = {
				LastUpgradeCheck = 0730;
				ORGANIZATIONNAME = wwwbbat;
				TargetAttributes = {
					2D6A17491D503A85008A090F = {
						CreatedOnToolsVersion = 7.3.1;
						DevelopmentTeam = 8QP3ZT6EXM;
					};
				};
			};
			buildConfigurationList = 2D6A17451D503A85008A090F /* Build configuration list for PBXProject "TransactionCall" */;
			compatibilityVersion = "Xcode 3.2";
			developmentRegion = English;
			hasScannedForEncodings = 0;
			knownRegions = (
				en,
				Base,
			);
			mainGroup = 2D6A17411D503A85008A090F;
			productRefGroup = 2D6A174B1D503A86008A090F /* Products */;
			projectDirPath = "";
			projectRoot = "";
			targets = (
				2D6A17491D503A85008A090F /* TransactionCall */,
			);
		};
/* End PBXProject section */

/* Begin PBXResourcesBuildPhase section */
		2D6A17481D503A85008A090F /* Resources */ = {
			isa = PBXResourcesBuildPhase;
			buildActionMask = 2147483647;
			files = (
				2D6A17601D503A86008A090F /* LaunchScreen.storyboard in Resources */,
				2D6A175D1D503A86008A090F /* Assets.xcassets in Resources */,
				44CB7ADF1D71894900818480 /* SZWY_LOGO@3x.png in Resources */,
				44CB7ADE1D71894900818480 /* SZWY_LOGO@2x.png in Resources */,
				2D6A175B1D503A86008A090F /* Main.storyboard in Resources */,
			);
			runOnlyForDeploymentPostprocessing = 0;
		};
/* End PBXResourcesBuildPhase section */

/* Begin PBXShellScriptBuildPhase section */
		560B8104ACADB71AD2E93BFA /* [CP] Check Pods Manifest.lock */ = {
			isa = PBXShellScriptBuildPhase;
			buildActionMask = 2147483647;
			files = (
			);
			inputPaths = (
			);
			name = "[CP] Check Pods Manifest.lock";
			outputPaths = (
			);
			runOnlyForDeploymentPostprocessing = 0;
			shellPath = /bin/sh;
			shellScript = "diff \"${PODS_ROOT}/../Podfile.lock\" \"${PODS_ROOT}/Manifest.lock\" > /dev/null\nif [[ $? != 0 ]] ; then\n    cat << EOM\nerror: The sandbox is not in sync with the Podfile.lock. Run 'pod install' or update your CocoaPods installation.\nEOM\n    exit 1\nfi\n";
			showEnvVarsInLog = 0;
		};
		C99F369252C1D62394A93A6A /* [CP] Copy Pods Resources */ = {
			isa = PBXShellScriptBuildPhase;
			buildActionMask = 2147483647;
			files = (
			);
			inputPaths = (
			);
			name = "[CP] Copy Pods Resources";
			outputPaths = (
			);
			runOnlyForDeploymentPostprocessing = 0;
			shellPath = /bin/sh;
			shellScript = "\"${SRCROOT}/Pods/Target Support Files/Pods-TransactionCall/Pods-TransactionCall-resources.sh\"\n";
			showEnvVarsInLog = 0;
		};
		F214753320FD6236EA84355A /* [CP] Embed Pods Frameworks */ = {
			isa = PBXShellScriptBuildPhase;
			buildActionMask = 2147483647;
			files = (
			);
			inputPaths = (
			);
			name = "[CP] Embed Pods Frameworks";
			outputPaths = (
			);
			runOnlyForDeploymentPostprocessing = 0;
			shellPath = /bin/sh;
			shellScript = "\"${SRCROOT}/Pods/Target Support Files/Pods-TransactionCall/Pods-TransactionCall-frameworks.sh\"\n";
			showEnvVarsInLog = 0;
		};
/* End PBXShellScriptBuildPhase section */

/* Begin PBXSourcesBuildPhase section */
		2D6A17461D503A85008A090F /* Sources */ = {
			isa = PBXSourcesBuildPhase;
			buildActionMask = 2147483647;
			files = (
				2D6A17521D503A86008A090F /* AppDelegate.m in Sources */,
				446148C21D719A7300BCA1E8 /* UIView+Animation.m in Sources */,
				446148C11D719A7300BCA1E8 /* UIKit+yg_IBInspectable.m in Sources */,
				2D78B3E11D5A29F6001CB3B7 /* TCServicesViewCtrl.m in Sources */,
				446148BD1D719A7300BCA1E8 /* NSString+STRegex.m in Sources */,
				2D6A174F1D503A86008A090F /* main.m in Sources */,
				2D401C111D5CB5D2008581CC /* TCRepairImagesCell.m in Sources */,
				446148BE1D719A7300BCA1E8 /* NSString+StringHeight.m in Sources */,
				446148B91D719A7300BCA1E8 /* NSAttributedString+Units.m in Sources */,
				446148C51D719A7300BCA1E8 /* UIViewController+Storyboard.m in Sources */,
				44CB7B081D7198CD00818480 /* TCLoginViewCtrl.m in Sources */,
				446148BA1D719A7300BCA1E8 /* NSData+HKPDataImage.m in Sources */,
				446148BB1D719A7300BCA1E8 /* NSDate+Calendar.m in Sources */,
				446148BC1D719A7300BCA1E8 /* NSObject+KVCExceptionCatch.m in Sources */,
				446148C01D719A7300BCA1E8 /* UIKit+Statistics.m in Sources */,
				446148BF1D719A7300BCA1E8 /* NSString+Utils.m in Sources */,
				2D401C0E1D5CAD71008581CC /* TCRepairViewCtrl.m in Sources */,
			);
			runOnlyForDeploymentPostprocessing = 0;
		};
/* End PBXSourcesBuildPhase section */

/* Begin PBXVariantGroup section */
		2D6A17591D503A86008A090F /* Main.storyboard */ = {
			isa = PBXVariantGroup;
			children = (
				2D6A175A1D503A86008A090F /* Base */,
			);
			name = Main.storyboard;
			sourceTree = "<group>";
		};
		2D6A175E1D503A86008A090F /* LaunchScreen.storyboard */ = {
			isa = PBXVariantGroup;
			children = (
				2D6A175F1D503A86008A090F /* Base */,
			);
			name = LaunchScreen.storyboard;
			sourceTree = "<group>";
		};
/* End PBXVariantGroup section */

/* Begin XCBuildConfiguration section */
		2D6A17621D503A86008A090F /* Debug */ = {
			isa = XCBuildConfiguration;
			buildSettings = {
				ALWAYS_SEARCH_USER_PATHS = NO;
				CLANG_ANALYZER_NONNULL = YES;
				CLANG_CXX_LANGUAGE_STANDARD = "gnu++0x";
				CLANG_CXX_LIBRARY = "libc++";
				CLANG_ENABLE_MODULES = YES;
				CLANG_ENABLE_OBJC_ARC = YES;
				CLANG_WARN_BOOL_CONVERSION = YES;
				CLANG_WARN_CONSTANT_CONVERSION = YES;
				CLANG_WARN_DIRECT_OBJC_ISA_USAGE = YES_ERROR;
				CLANG_WARN_EMPTY_BODY = YES;
				CLANG_WARN_ENUM_CONVERSION = YES;
				CLANG_WARN_INT_CONVERSION = YES;
				CLANG_WARN_OBJC_ROOT_CLASS = YES_ERROR;
				CLANG_WARN_UNREACHABLE_CODE = YES;
				CLANG_WARN__DUPLICATE_METHOD_MATCH = YES;
				CODE_SIGN_IDENTITY = "iPhone Developer";
				"CODE_SIGN_IDENTITY[sdk=iphoneos*]" = "iPhone Developer";
				COPY_PHASE_STRIP = NO;
				DEBUG_INFORMATION_FORMAT = dwarf;
				ENABLE_BITCODE = NO;
				ENABLE_STRICT_OBJC_MSGSEND = YES;
				ENABLE_TESTABILITY = YES;
				GCC_C_LANGUAGE_STANDARD = gnu99;
				GCC_DYNAMIC_NO_PIC = NO;
				GCC_NO_COMMON_BLOCKS = YES;
				GCC_OPTIMIZATION_LEVEL = 0;
				GCC_PREPROCESSOR_DEFINITIONS = (
					"DEBUG=1",
					"$(inherited)",
				);
				GCC_WARN_64_TO_32_BIT_CONVERSION = YES;
				GCC_WARN_ABOUT_RETURN_TYPE = YES_ERROR;
				GCC_WARN_UNDECLARED_SELECTOR = YES;
				GCC_WARN_UNINITIALIZED_AUTOS = YES_AGGRESSIVE;
				GCC_WARN_UNUSED_FUNCTION = YES;
				GCC_WARN_UNUSED_VARIABLE = YES;
				IPHONEOS_DEPLOYMENT_TARGET = 7.0;
				MTL_ENABLE_DEBUG_INFO = YES;
				ONLY_ACTIVE_ARCH = YES;
				SDKROOT = iphoneos;
				VALID_ARCHS = "arm64 armv7";
			};
			name = Debug;
		};
		2D6A17631D503A86008A090F /* Release */ = {
			isa = XCBuildConfiguration;
			buildSettings = {
				ALWAYS_SEARCH_USER_PATHS = NO;
				CLANG_ANALYZER_NONNULL = YES;
				CLANG_CXX_LANGUAGE_STANDARD = "gnu++0x";
				CLANG_CXX_LIBRARY = "libc++";
				CLANG_ENABLE_MODULES = YES;
				CLANG_ENABLE_OBJC_ARC = YES;
				CLANG_WARN_BOOL_CONVERSION = YES;
				CLANG_WARN_CONSTANT_CONVERSION = YES;
				CLANG_WARN_DIRECT_OBJC_ISA_USAGE = YES_ERROR;
				CLANG_WARN_EMPTY_BODY = YES;
				CLANG_WARN_ENUM_CONVERSION = YES;
				CLANG_WARN_INT_CONVERSION = YES;
				CLANG_WARN_OBJC_ROOT_CLASS = YES_ERROR;
				CLANG_WARN_UNREACHABLE_CODE = YES;
				CLANG_WARN__DUPLICATE_METHOD_MATCH = YES;
				CODE_SIGN_IDENTITY = "iPhone Distribution";
				"CODE_SIGN_IDENTITY[sdk=iphoneos*]" = "iPhone Distribution";
				COPY_PHASE_STRIP = NO;
				DEBUG_INFORMATION_FORMAT = "dwarf-with-dsym";
				ENABLE_BITCODE = NO;
				ENABLE_NS_ASSERTIONS = NO;
				ENABLE_STRICT_OBJC_MSGSEND = YES;
				GCC_C_LANGUAGE_STANDARD = gnu99;
				GCC_NO_COMMON_BLOCKS = YES;
				GCC_WARN_64_TO_32_BIT_CONVERSION = YES;
				GCC_WARN_ABOUT_RETURN_TYPE = YES_ERROR;
				GCC_WARN_UNDECLARED_SELECTOR = YES;
				GCC_WARN_UNINITIALIZED_AUTOS = YES_AGGRESSIVE;
				GCC_WARN_UNUSED_FUNCTION = YES;
				GCC_WARN_UNUSED_VARIABLE = YES;
				IPHONEOS_DEPLOYMENT_TARGET = 7.0;
				MTL_ENABLE_DEBUG_INFO = NO;
				SDKROOT = iphoneos;
				VALIDATE_PRODUCT = YES;
				VALID_ARCHS = "arm64 armv7";
			};
			name = Release;
		};
		2D6A17651D503A86008A090F /* Debug */ = {
			isa = XCBuildConfiguration;
			baseConfigurationReference = A11D66BE2F3A3DB4AAB5220A /* Pods-TransactionCall.debug.xcconfig */;
			buildSettings = {
				ASSETCATALOG_COMPILER_APPICON_NAME = AppIcon;
				ASSETCATALOG_COMPILER_LAUNCHIMAGE_NAME = LaunchImage;
				CODE_SIGN_IDENTITY = "iPhone Developer";
				"CODE_SIGN_IDENTITY[sdk=iphoneos*]" = "iPhone Developer";
				ENABLE_BITCODE = NO;
				GCC_INCREASE_PRECOMPILED_HEADER_SHARING = NO;
				GCC_PRECOMPILE_PREFIX_HEADER = YES;
				GCC_PREFIX_HEADER = "${SRCROOT}/TransactionCall/TransactionCall.pch";
				INFOPLIST_FILE = TransactionCall/Info.plist;
				LD_RUNPATH_SEARCH_PATHS = "$(inherited) @executable_path/Frameworks";
				LIBRARY_SEARCH_PATHS = (
					"$(inherited)",
					"$(PROJECT_DIR)/TransactionCall/Classes/Other/WeChatSDK",
				);
				PRODUCT_BUNDLE_IDENTIFIER = com.wwwbbat.TransactionCall;
				PRODUCT_NAME = "$(TARGET_NAME)";
				PROVISIONING_PROFILE = "";
				VALID_ARCHS = "arm64 armv7";
			};
			name = Debug;
		};
		2D6A17661D503A86008A090F /* Release */ = {
			isa = XCBuildConfiguration;
			baseConfigurationReference = 30A88E05117B16079B61F13E /* Pods-TransactionCall.release.xcconfig */;
			buildSettings = {
				ASSETCATALOG_COMPILER_APPICON_NAME = AppIcon;
				ASSETCATALOG_COMPILER_LAUNCHIMAGE_NAME = LaunchImage;
				CODE_SIGN_IDENTITY = "iPhone Developer";
				"CODE_SIGN_IDENTITY[sdk=iphoneos*]" = "iPhone Developer";
				ENABLE_BITCODE = NO;
				GCC_INCREASE_PRECOMPILED_HEADER_SHARING = NO;
				GCC_PRECOMPILE_PREFIX_HEADER = YES;
				GCC_PREFIX_HEADER = "${SRCROOT}/TransactionCall/TransactionCall.pch";
				INFOPLIST_FILE = TransactionCall/Info.plist;
				LD_RUNPATH_SEARCH_PATHS = "$(inherited) @executable_path/Frameworks";
				LIBRARY_SEARCH_PATHS = (
					"$(inherited)",
					"$(PROJECT_DIR)/TransactionCall/Classes/Other/WeChatSDK",
				);
				PRODUCT_BUNDLE_IDENTIFIER = com.wwwbbat.TransactionCall;
				PRODUCT_NAME = "$(TARGET_NAME)";
				PROVISIONING_PROFILE = "";
				VALID_ARCHS = "arm64 armv7";
			};
			name = Release;
		};
/* End XCBuildConfiguration section */

/* Begin XCConfigurationList section */
		2D6A17451D503A85008A090F /* Build configuration list for PBXProject "TransactionCall" */ = {
			isa = XCConfigurationList;
			buildConfigurations = (
				2D6A17621D503A86008A090F /* Debug */,
				2D6A17631D503A86008A090F /* Release */,
			);
			defaultConfigurationIsVisible = 0;
			defaultConfigurationName = Release;
		};
		2D6A17641D503A86008A090F /* Build configuration list for PBXNativeTarget "TransactionCall" */ = {
			isa = XCConfigurationList;
			buildConfigurations = (
				2D6A17651D503A86008A090F /* Debug */,
				2D6A17661D503A86008A090F /* Release */,
			);
			defaultConfigurationIsVisible = 0;
			defaultConfigurationName = Release;
		};
/* End XCConfigurationList section */
	};
	rootObject = 2D6A17421D503A85008A090F /* Project object */;
}
